
Microsoft Visual Studio Solution File, Format Version 12.00
# Visual Studio Version 16
VisualStudioVersion = 16.0.810.11
MinimumVisualStudioVersion = 10.0.40219.1
Project("{FAE04EC0-301F-11D3-BF4B-00C04F79EFBC}") = "Gpanga.Example.Tests", "Gpanga.Example.Tests\Gpanga.Example.Tests.csproj", "{AE88DA4F-98DC-4B45-A5CA-54A1C83F18FB}"
EndProject
Project("{FAE04EC0-301F-11D3-BF4B-00C04F79EFBC}") = "Gpanga.Example.SDK", "Gpanga.Example.SDK\Gpanga.Example.SDK.csproj", "{BA2DE14A-0B28-4E94-A651-91574094647B}"
EndProject
Global
	GlobalSection(SolutionConfigurationPlatforms) = preSolution
		Debug|Any CPU = Debug|Any CPU
		Release|Any CPU = Release|Any CPU
	EndGlobalSection
	GlobalSection(ProjectConfigurationPlatforms) = postSolution
		{AE88DA4F-98DC-4B45-A5CA-54A1C83F18FB}.Debug|Any CPU.ActiveCfg = Debug|Any CPU
		{AE88DA4F-98DC-4B45-A5CA-54A1C83F18FB}.Debug|Any CPU.Build.0 = Debug|Any CPU
		{AE88DA4F-98DC-4B45-A5CA-54A1C83F18FB}.Release|Any CPU.ActiveCfg = Release|Any CPU
		{AE88DA4F-98DC-4B45-A5CA-54A1C83F18FB}.Release|Any CPU.Build.0 = Release|Any CPU
		{BA2DE14A-0B28-4E94-A651-91574094647B}.Debug|Any CPU.ActiveCfg = Debug|Any CPU
		{BA2DE14A-0B28-4E94-A651-91574094647B}.Debug|Any CPU.Build.0 = Debug|Any CPU
		{BA2DE14A-0B28-4E94-A651-91574094647B}.Release|Any CPU.ActiveCfg = Release|Any CPU
		{BA2DE14A-0B28-4E94-A651-91574094647B}.Release|Any CPU.Build.0 = Release|Any CPU
	EndGlobalSection
	GlobalSection(SolutionProperties) = preSolution
		HideSolutionNode = FALSE
	EndGlobalSection
	GlobalSection(ExtensibilityGlobals) = postSolution
		SolutionGuid = {64F7EBE8-8886-4D56-B39E-DA6248945093}
	EndGlobalSection
EndGlobal
